
Microsoft Visual Studio Solution File, Format Version 12.00
# Visual Studio Version 16
VisualStudioVersion = 16.0.31205.134
MinimumVisualStudioVersion = 10.0.40219.1
Project("{FAE04EC0-301F-11D3-BF4B-00C04F79EFBC}") = "BankAccount Home Work", "BankAccount Home Work\BankAccount Home Work.csproj", "{80FF8DF9-3DD6-4E9F-BAD6-0E2332A1A214}"
EndProject
Global
	GlobalSection(SolutionConfigurationPlatforms) = preSolution
		Debug|Any CPU = Debug|Any CPU
		Release|Any CPU = Release|Any CPU
	EndGlobalSection
	GlobalSection(ProjectConfigurationPlatforms) = postSolution
		{80FF8DF9-3DD6-4E9F-BAD6-0E2332A1A214}.Debug|Any CPU.ActiveCfg = Debug|Any CPU
		{80FF8DF9-3DD6-4E9F-BAD6-0E2332A1A214}.Debug|Any CPU.Build.0 = Debug|Any CPU
		{80FF8DF9-3DD6-4E9F-BAD6-0E2332A1A214}.Release|Any CPU.ActiveCfg = Release|Any CPU
		{80FF8DF9-3DD6-4E9F-BAD6-0E2332A1A214}.Release|Any CPU.Build.0 = Release|Any CPU
	EndGlobalSection
	GlobalSection(SolutionProperties) = preSolution
		HideSolutionNode = FALSE
	EndGlobalSection
	GlobalSection(ExtensibilityGlobals) = postSolution
		SolutionGuid = {85F28408-779F-40FE-A056-0CB9ACC67492}
	EndGlobalSection
EndGlobal
